
Microsoft Visual Studio Solution File, Format Version 11.00
# Visual Studio 2010
Project("{FAE04EC0-301F-11D3-BF4B-00C04F79EFBC}") = "Software", "Software\Software.csproj", "{B898DFEB-122C-46D6-AB4B-E066AAA8A2C1}"
EndProject
Global
	GlobalSection(SolutionConfigurationPlatforms) = preSolution
		Debug|Any CPU = Debug|Any CPU
		Release|Any CPU = Release|Any CPU
	EndGlobalSection
	GlobalSection(ProjectConfigurationPlatforms) = postSolution
		{B898DFEB-122C-46D6-AB4B-E066AAA8A2C1}.Debug|Any CPU.ActiveCfg = Debug|Any CPU
		{B898DFEB-122C-46D6-AB4B-E066AAA8A2C1}.Debug|Any CPU.Build.0 = Debug|Any CPU
		{B898DFEB-122C-46D6-AB4B-E066AAA8A2C1}.Release|Any CPU.ActiveCfg = Release|Any CPU
		{B898DFEB-122C-46D6-AB4B-E066AAA8A2C1}.Release|Any CPU.Build.0 = Release|Any CPU
	EndGlobalSection
	GlobalSection(SolutionProperties) = preSolution
		HideSolutionNode = FALSE
	EndGlobalSection
EndGlobal
